
Microsoft Visual Studio Solution File, Format Version 12.00
# Visual Studio Version 17
VisualStudioVersion = 17.7.34031.279
MinimumVisualStudioVersion = 10.0.40219.1
Project("{FAE04EC0-301F-11D3-BF4B-00C04F79EFBC}") = "QuestGame", "QuestGame\QuestGame.csproj", "{10ED8BA5-0976-48AD-BD94-130FC1424D16}"
EndProject
Global
	GlobalSection(SolutionConfigurationPlatforms) = preSolution
		Debug|Any CPU = Debug|Any CPU
		Release|Any CPU = Release|Any CPU
	EndGlobalSection
	GlobalSection(ProjectConfigurationPlatforms) = postSolution
		{10ED8BA5-0976-48AD-BD94-130FC1424D16}.Debug|Any CPU.ActiveCfg = Debug|Any CPU
		{10ED8BA5-0976-48AD-BD94-130FC1424D16}.Debug|Any CPU.Build.0 = Debug|Any CPU
		{10ED8BA5-0976-48AD-BD94-130FC1424D16}.Release|Any CPU.ActiveCfg = Release|Any CPU
		{10ED8BA5-0976-48AD-BD94-130FC1424D16}.Release|Any CPU.Build.0 = Release|Any CPU
	EndGlobalSection
	GlobalSection(SolutionProperties) = preSolution
		HideSolutionNode = FALSE
	EndGlobalSection
	GlobalSection(ExtensibilityGlobals) = postSolution
		SolutionGuid = {F4346EAC-CF6F-4F9D-91C3-A54CE342EABA}
	EndGlobalSection
EndGlobal
